
Microsoft Visual Studio Solution File, Format Version 12.00
# Visual Studio Version 17
VisualStudioVersion = 17.10.35013.160
MinimumVisualStudioVersion = 10.0.40219.1
Project("{9A19103F-16F7-4668-BE54-9A1E7A4F7556}") = "drugSystemBlazor", "drugSystemBlazor.csproj", "{32FB9F82-AC47-44C2-A83A-8D38FA4F7536}"
EndProject
Global
	GlobalSection(SolutionConfigurationPlatforms) = preSolution
		Debug|Any CPU = Debug|Any CPU
		Release|Any CPU = Release|Any CPU
	EndGlobalSection
	GlobalSection(ProjectConfigurationPlatforms) = postSolution
		{32FB9F82-AC47-44C2-A83A-8D38FA4F7536}.Debug|Any CPU.ActiveCfg = Debug|Any CPU
		{32FB9F82-AC47-44C2-A83A-8D38FA4F7536}.Debug|Any CPU.Build.0 = Debug|Any CPU
		{32FB9F82-AC47-44C2-A83A-8D38FA4F7536}.Release|Any CPU.ActiveCfg = Release|Any CPU
		{32FB9F82-AC47-44C2-A83A-8D38FA4F7536}.Release|Any CPU.Build.0 = Release|Any CPU
	EndGlobalSection
	GlobalSection(SolutionProperties) = preSolution
		HideSolutionNode = FALSE
	EndGlobalSection
	GlobalSection(ExtensibilityGlobals) = postSolution
		SolutionGuid = {18911D9C-F9C9-4BD3-AAF2-4781AB422845}
	EndGlobalSection
EndGlobal
